<?xml version="1.0" encoding="utf-8"?>
<Project ToolsVersion="4.0" xmlns="http://schemas.microsoft.com/developer/msbuild/2003">
  <ItemGroup>
    <Filter Include="Source Files">
      <UniqueIdentifier>{4FC737F1-C7A5-4376-A066-2A32D752A2FF}</UniqueIdentifier>
      <Extensions>cpp;c;cc;cxx;c++;cppm;ixx;def;odl;idl;hpj;bat;asm;asmx</Extensions>
    </Filter>
    <Filter Include="Header Files">
      <UniqueIdentifier>{93995380-89BD-4b04-88EB-625FBE52EBFB}</UniqueIdentifier>
      <Extensions>h;hh;hpp;hxx;h++;hm;inl;inc;ipp;xsd</Extensions>
    </Filter>
    <Filter Include="Resource Files">
      <UniqueIdentifier>{67DA6AB6-F800-4c08-8B7A-83BB121AAD01}</UniqueIdentifier>
      <Extensions>rc;ico;cur;bmp;dlg;rc2;rct;bin;rgs;gif;jpg;jpeg;jpe;resx;tiff;tif;png;wav;mfcribbon-ms</Extensions>
    </Filter>
  </ItemGroup>
  <ItemGroup>
    <ResourceCompile Include="app.rc">
      <Filter>Resource Files</Filter>
    </ResourceCompile>
  </ItemGroup>
  <ItemGroup>
    <ClInclude Include="Resource.h">
      <Filter>Header Files</Filter>
    </ClInclude>
    <ClInclude Include="pch.h">
      <Filter>Header Files</Filter>
    </ClInclude>
    <ClInclude Include="Form1.h">
      <Filter>Header Files</Filter>
    </ClInclude>
    <ClInclude Include="Main.h">
      <Filter>Header Files</Filter>
    </ClInclude>
    <ClInclude Include="FormUsuarios.h">
      <Filter>Header Files</Filter>
    </ClInclude>
    <ClInclude Include="FormRol.h">
      <Filter>Header Files</Filter>
    </ClInclude>
    <ClInclude Include="FormLicencias.h">
      <Filter>Header Files</Filter>
    </ClInclude>
    <ClInclude Include="FormAreas.h">
      <Filter>Header Files</Filter>
    </ClInclude>
    <ClInclude Include="FormHabitads.h">
      <Filter>Header Files</Filter>
    </ClInclude>
    <ClInclude Include="FormMantenimientos.h">
      <Filter>Header Files</Filter>
    </ClInclude>
    <ClInclude Include="FormEspecies.h">
      <Filter>Header Files</Filter>
    </ClInclude>
    <ClInclude Include="FormAnimales.h">
      <Filter>Header Files</Filter>
    </ClInclude>
    <ClInclude Include="FormRevisiones.h">
      <Filter>Header Files</Filter>
    </ClInclude>
    <ClInclude Include="FormComidas.h">
      <Filter>Header Files</Filter>
    </ClInclude>
    <ClInclude Include="FormAlimentoshs.h">
      <Filter>Header Files</Filter>
    </ClInclude>
    <ClInclude Include="FormCrearUsuario.h">
      <Filter>Header Files</Filter>
    </ClInclude>
    <ClInclude Include="DB.h">
      <Filter>Header Files</Filter>
    </ClInclude>
    <ClInclude Include="FormListadoUsuarios.h">
      <Filter>Header Files</Filter>
    </ClInclude>
    <ClInclude Include="FormAgregarUsuario.h">
      <Filter>Header Files</Filter>
    </ClInclude>
    <ClInclude Include="FormAgregarAlimentos.h">
      <Filter>Header Files</Filter>
    </ClInclude>
    <ClInclude Include="FormListadoHorarioAnimales.h">
      <Filter>Header Files</Filter>
    </ClInclude>
    <ClInclude Include="FormAgregarAnimales.h">
      <Filter>Header Files</Filter>
    </ClInclude>
    <ClInclude Include="FormListadoAnimales.h">
      <Filter>Header Files</Filter>
    </ClInclude>
    <ClInclude Include="FormListadoRol.h">
      <Filter>Header Files</Filter>
    </ClInclude>
    <ClInclude Include="FormAgregarRol.h">
      <Filter>Header Files</Filter>
    </ClInclude>
    <ClInclude Include="FormAgregarLicencia.h">
      <Filter>Header Files</Filter>
    </ClInclude>
    <ClInclude Include="FormListadoLicencias.h">
      <Filter>Header Files</Filter>
    </ClInclude>
    <ClInclude Include="FormAgregarArea.h">
      <Filter>Header Files</Filter>
    </ClInclude>
    <ClInclude Include="FormListadoArea.h">
      <Filter>Header Files</Filter>
    </ClInclude>
    <ClInclude Include="FormAgregarComida.h">
      <Filter>Header Files</Filter>
    </ClInclude>
    <ClInclude Include="FormListadoComidas.h">
      <Filter>Header Files</Filter>
    </ClInclude>
    <ClInclude Include="FormListadoHabitads.h">
      <Filter>Header Files</Filter>
    </ClInclude>
    <ClInclude Include="FormAgregarHabitad.h">
      <Filter>Header Files</Filter>
    </ClInclude>
    <ClInclude Include="FormListadoMantenimientos.h">
      <Filter>Header Files</Filter>
    </ClInclude>
    <ClInclude Include="FormAgregarMantenimiento.h">
      <Filter>Header Files</Filter>
    </ClInclude>
    <ClInclude Include="FormListadoEspecies.h">
      <Filter>Header Files</Filter>
    </ClInclude>
    <ClInclude Include="FormAgregarEspecie.h">
      <Filter>Header Files</Filter>
    </ClInclude>
    <ClInclude Include="FormListadoRevisiones.h">
      <Filter>Header Files</Filter>
    </ClInclude>
    <ClInclude Include="FormAgregarRevision.h">
      <Filter>Header Files</Filter>
    </ClInclude>
    <ClInclude Include="FormEditarUsuario.h">
      <Filter>Header Files</Filter>
    </ClInclude>
    <ClInclude Include="FormEditarRol.h">
      <Filter>Header Files</Filter>
    </ClInclude>
    <ClInclude Include="FormEditarHorario.h">
      <Filter>Header Files</Filter>
    </ClInclude>
    <ClInclude Include="FormEditarAnimal.h">
      <Filter>Header Files</Filter>
    </ClInclude>
    <ClInclude Include="FormEditarLicencia.h">
      <Filter>Header Files</Filter>
    </ClInclude>
    <ClInclude Include="FormEditarArea.h">
      <Filter>Header Files</Filter>
    </ClInclude>
    <ClInclude Include="FormEditarHabitat.h">
      <Filter>Header Files</Filter>
    </ClInclude>
    <ClInclude Include="FormEditarMantenimiento.h">
      <Filter>Header Files</Filter>
    </ClInclude>
    <ClInclude Include="FormEditarEspecie.h">
      <Filter>Header Files</Filter>
    </ClInclude>
    <ClInclude Include="FormEditarRevision.h">
      <Filter>Header Files</Filter>
    </ClInclude>
    <ClInclude Include="FormEditarComida.h">
      <Filter>Header Files</Filter>
    </ClInclude>
  </ItemGroup>
  <ItemGroup>
    <ClCompile Include="CppCLR_WinFormsProject.cpp">
      <Filter>Source Files</Filter>
    </ClCompile>
    <ClCompile Include="AssemblyInfo.cpp">
      <Filter>Source Files</Filter>
    </ClCompile>
    <ClCompile Include="pch.cpp">
      <Filter>Source Files</Filter>
    </ClCompile>
    <ClCompile Include="Form1.cpp">
      <Filter>Source Files</Filter>
    </ClCompile>
    <ClCompile Include="Main.cpp">
      <Filter>Source Files</Filter>
    </ClCompile>
    <ClCompile Include="FormUsuarios.cpp">
      <Filter>Source Files</Filter>
    </ClCompile>
    <ClCompile Include="FormRol.cpp">
      <Filter>Source Files</Filter>
    </ClCompile>
    <ClCompile Include="FormLicencias.cpp">
      <Filter>Source Files</Filter>
    </ClCompile>
    <ClCompile Include="FormAreas.cpp">
      <Filter>Source Files</Filter>
    </ClCompile>
    <ClCompile Include="FormHabitads.cpp">
      <Filter>Source Files</Filter>
    </ClCompile>
    <ClCompile Include="FormMantenimientos.cpp">
      <Filter>Source Files</Filter>
    </ClCompile>
    <ClCompile Include="FormEspecies.cpp">
      <Filter>Source Files</Filter>
    </ClCompile>
    <ClCompile Include="FormAnimales.cpp">
      <Filter>Source Files</Filter>
    </ClCompile>
    <ClCompile Include="FormRevisiones.cpp">
      <Filter>Source Files</Filter>
    </ClCompile>
    <ClCompile Include="FormComidas.cpp">
      <Filter>Source Files</Filter>
    </ClCompile>
    <ClCompile Include="FormAlimentoshs.cpp">
      <Filter>Source Files</Filter>
    </ClCompile>
    <ClCompile Include="DB.cpp">
      <Filter>Source Files</Filter>
    </ClCompile>
    <ClCompile Include="FormListadoUsuarios.cpp">
      <Filter>Source Files</Filter>
    </ClCompile>
    <ClCompile Include="FormCrearUsuario.cpp">
      <Filter>Source Files</Filter>
    </ClCompile>
    <ClCompile Include="FormAgregarUsuario.cpp">
      <Filter>Source Files</Filter>
    </ClCompile>
    <ClCompile Include="FormAgregarAlimentos.cpp">
      <Filter>Source Files</Filter>
    </ClCompile>
    <ClCompile Include="FormAgregarAnimales.cpp">
      <Filter>Source Files</Filter>
    </ClCompile>
    <ClCompile Include="FormListadoAnimales.cpp">
      <Filter>Source Files</Filter>
    </ClCompile>
    <ClCompile Include="FormListadoHorarioAnimales.cpp">
      <Filter>Source Files</Filter>
    </ClCompile>
    <ClCompile Include="FormListadoRol.cpp">
      <Filter>Source Files</Filter>
    </ClCompile>
    <ClCompile Include="FormAgregarRol.cpp">
      <Filter>Source Files</Filter>
    </ClCompile>
    <ClCompile Include="FormAgregarLicencia.cpp">
      <Filter>Source Files</Filter>
    </ClCompile>
    <ClCompile Include="FormListadoLicencias.cpp">
      <Filter>Source Files</Filter>
    </ClCompile>
    <ClCompile Include="FormListadoRevisiones.cpp">
      <Filter>Source Files</Filter>
    </ClCompile>
    <ClCompile Include="FormListadoMantenimientos.cpp">
      <Filter>Source Files</Filter>
    </ClCompile>
    <ClCompile Include="FormListadoHabitads.cpp">
      <Filter>Source Files</Filter>
    </ClCompile>
    <ClCompile Include="FormListadoEspecies.cpp">
      <Filter>Source Files</Filter>
    </ClCompile>
    <ClCompile Include="FormListadoComidas.cpp">
      <Filter>Source Files</Filter>
    </ClCompile>
    <ClCompile Include="FormListadoArea.cpp">
      <Filter>Source Files</Filter>
    </ClCompile>
    <ClCompile Include="FormAgregarRevision.cpp">
      <Filter>Source Files</Filter>
    </ClCompile>
    <ClCompile Include="FormAgregarMantenimiento.cpp">
      <Filter>Source Files</Filter>
    </ClCompile>
    <ClCompile Include="FormAgregarHabitad.cpp">
      <Filter>Source Files</Filter>
    </ClCompile>
    <ClCompile Include="FormAgregarEspecie.cpp">
      <Filter>Source Files</Filter>
    </ClCompile>
    <ClCompile Include="FormAgregarComida.cpp">
      <Filter>Source Files</Filter>
    </ClCompile>
    <ClCompile Include="FormAgregarArea.cpp">
      <Filter>Source Files</Filter>
    </ClCompile>
    <ClCompile Include="FormEditarUsuario.cpp">
      <Filter>Source Files</Filter>
    </ClCompile>
    <ClCompile Include="FormEditarArea.cpp">
      <Filter>Source Files</Filter>
    </ClCompile>
    <ClCompile Include="FormEditarHabitat.cpp">
      <Filter>Source Files</Filter>
    </ClCompile>
    <ClCompile Include="FormEditarMantenimiento.cpp">
      <Filter>Source Files</Filter>
    </ClCompile>
    <ClCompile Include="FormEditarEspecie.cpp">
      <Filter>Source Files</Filter>
    </ClCompile>
    <ClCompile Include="FormEditarRevision.cpp">
      <Filter>Source Files</Filter>
    </ClCompile>
    <ClCompile Include="FormEditarComida.cpp">
      <Filter>Source Files</Filter>
    </ClCompile>
    <ClCompile Include="FormEditarAnimal.cpp">
      <Filter>Source Files</Filter>
    </ClCompile>
    <ClCompile Include="FormEditarLicencia.cpp">
      <Filter>Source Files</Filter>
    </ClCompile>
    <ClCompile Include="FormEditarRol.cpp">
      <Filter>Source Files</Filter>
    </ClCompile>
    <ClCompile Include="FormEditarHorario.cpp">
      <Filter>Source Files</Filter>
    </ClCompile>
  </ItemGroup>
  <ItemGroup>
    <Image Include="app.ico">
      <Filter>Resource Files</Filter>
    </Image>
  </ItemGroup>
</Project>